
Microsoft Visual Studio Solution File, Format Version 12.00
# Visual Studio Version 16
VisualStudioVersion = 16.0.31105.61
MinimumVisualStudioVersion = 10.0.40219.1
Project("{FAE04EC0-301F-11D3-BF4B-00C04F79EFBC}") = "eShoppingXamarin.Android", "eShoppingXamarin.Android\eShoppingXamarin.Android.csproj", "{B97CE78A-889F-4BFB-A98B-00E57F1C347C}"
EndProject
Project("{FAE04EC0-301F-11D3-BF4B-00C04F79EFBC}") = "eShoppingXamarin.iOS", "eShoppingXamarin.iOS\eShoppingXamarin.iOS.csproj", "{3D3489B4-C128-44FA-B64B-CB8715DCEDF3}"
EndProject
Project("{9A19103F-16F7-4668-BE54-9A1E7A4F7556}") = "eShoppingXamarin", "eShoppingXamarin\eShoppingXamarin.csproj", "{05FDC7BA-259F-4DC9-B6D4-6CD92CD2577C}"
EndProject
Global
	GlobalSection(SolutionConfigurationPlatforms) = preSolution
		Debug|Any CPU = Debug|Any CPU
		Debug|iPhone = Debug|iPhone
		Debug|iPhoneSimulator = Debug|iPhoneSimulator
		Release|Any CPU = Release|Any CPU
		Release|iPhone = Release|iPhone
		Release|iPhoneSimulator = Release|iPhoneSimulator
	EndGlobalSection
	GlobalSection(ProjectConfigurationPlatforms) = postSolution
		{B97CE78A-889F-4BFB-A98B-00E57F1C347C}.Debug|Any CPU.ActiveCfg = Debug|Any CPU
		{B97CE78A-889F-4BFB-A98B-00E57F1C347C}.Debug|Any CPU.Build.0 = Debug|Any CPU
		{B97CE78A-889F-4BFB-A98B-00E57F1C347C}.Debug|Any CPU.Deploy.0 = Debug|Any CPU
		{B97CE78A-889F-4BFB-A98B-00E57F1C347C}.Debug|iPhone.ActiveCfg = Debug|Any CPU
		{B97CE78A-889F-4BFB-A98B-00E57F1C347C}.Debug|iPhone.Build.0 = Debug|Any CPU
		{B97CE78A-889F-4BFB-A98B-00E57F1C347C}.Debug|iPhone.Deploy.0 = Debug|Any CPU
		{B97CE78A-889F-4BFB-A98B-00E57F1C347C}.Debug|iPhoneSimulator.ActiveCfg = Debug|Any CPU
		{B97CE78A-889F-4BFB-A98B-00E57F1C347C}.Debug|iPhoneSimulator.Build.0 = Debug|Any CPU
		{B97CE78A-889F-4BFB-A98B-00E57F1C347C}.Debug|iPhoneSimulator.Deploy.0 = Debug|Any CPU
		{B97CE78A-889F-4BFB-A98B-00E57F1C347C}.Release|Any CPU.ActiveCfg = Release|Any CPU
		{B97CE78A-889F-4BFB-A98B-00E57F1C347C}.Release|Any CPU.Build.0 = Release|Any CPU
		{B97CE78A-889F-4BFB-A98B-00E57F1C347C}.Release|Any CPU.Deploy.0 = Release|Any CPU
		{B97CE78A-889F-4BFB-A98B-00E57F1C347C}.Release|iPhone.ActiveCfg = Release|Any CPU
		{B97CE78A-889F-4BFB-A98B-00E57F1C347C}.Release|iPhone.Build.0 = Release|Any CPU
		{B97CE78A-889F-4BFB-A98B-00E57F1C347C}.Release|iPhone.Deploy.0 = Release|Any CPU
		{B97CE78A-889F-4BFB-A98B-00E57F1C347C}.Release|iPhoneSimulator.ActiveCfg = Release|Any CPU
		{B97CE78A-889F-4BFB-A98B-00E57F1C347C}.Release|iPhoneSimulator.Build.0 = Release|Any CPU
		{B97CE78A-889F-4BFB-A98B-00E57F1C347C}.Release|iPhoneSimulator.Deploy.0 = Release|Any CPU
		{3D3489B4-C128-44FA-B64B-CB8715DCEDF3}.Debug|Any CPU.ActiveCfg = Debug|iPhone
		{3D3489B4-C128-44FA-B64B-CB8715DCEDF3}.Debug|Any CPU.Build.0 = Debug|iPhone
		{3D3489B4-C128-44FA-B64B-CB8715DCEDF3}.Debug|Any CPU.Deploy.0 = Debug|iPhone
		{3D3489B4-C128-44FA-B64B-CB8715DCEDF3}.Debug|iPhone.ActiveCfg = Debug|iPhone
		{3D3489B4-C128-44FA-B64B-CB8715DCEDF3}.Debug|iPhone.Build.0 = Debug|iPhone
		{3D3489B4-C128-44FA-B64B-CB8715DCEDF3}.Debug|iPhone.Deploy.0 = Debug|iPhone
		{3D3489B4-C128-44FA-B64B-CB8715DCEDF3}.Debug|iPhoneSimulator.ActiveCfg = Debug|iPhoneSimulator
		{3D3489B4-C128-44FA-B64B-CB8715DCEDF3}.Debug|iPhoneSimulator.Build.0 = Debug|iPhoneSimulator
		{3D3489B4-C128-44FA-B64B-CB8715DCEDF3}.Debug|iPhoneSimulator.Deploy.0 = Debug|iPhoneSimulator
		{3D3489B4-C128-44FA-B64B-CB8715DCEDF3}.Release|Any CPU.ActiveCfg = Release|iPhoneSimulator
		{3D3489B4-C128-44FA-B64B-CB8715DCEDF3}.Release|Any CPU.Build.0 = Release|iPhoneSimulator
		{3D3489B4-C128-44FA-B64B-CB8715DCEDF3}.Release|Any CPU.Deploy.0 = Release|iPhoneSimulator
		{3D3489B4-C128-44FA-B64B-CB8715DCEDF3}.Release|iPhone.ActiveCfg = Release|iPhone
		{3D3489B4-C128-44FA-B64B-CB8715DCEDF3}.Release|iPhone.Build.0 = Release|iPhone
		{3D3489B4-C128-44FA-B64B-CB8715DCEDF3}.Release|iPhone.Deploy.0 = Release|iPhone
		{3D3489B4-C128-44FA-B64B-CB8715DCEDF3}.Release|iPhoneSimulator.ActiveCfg = Release|iPhoneSimulator
		{3D3489B4-C128-44FA-B64B-CB8715DCEDF3}.Release|iPhoneSimulator.Build.0 = Release|iPhoneSimulator
		{3D3489B4-C128-44FA-B64B-CB8715DCEDF3}.Release|iPhoneSimulator.Deploy.0 = Release|iPhoneSimulator
		{05FDC7BA-259F-4DC9-B6D4-6CD92CD2577C}.Debug|Any CPU.ActiveCfg = Debug|Any CPU
		{05FDC7BA-259F-4DC9-B6D4-6CD92CD2577C}.Debug|Any CPU.Build.0 = Debug|Any CPU
		{05FDC7BA-259F-4DC9-B6D4-6CD92CD2577C}.Debug|Any CPU.Deploy.0 = Debug|Any CPU
		{05FDC7BA-259F-4DC9-B6D4-6CD92CD2577C}.Debug|iPhone.ActiveCfg = Debug|Any CPU
		{05FDC7BA-259F-4DC9-B6D4-6CD92CD2577C}.Debug|iPhone.Build.0 = Debug|Any CPU
		{05FDC7BA-259F-4DC9-B6D4-6CD92CD2577C}.Debug|iPhone.Deploy.0 = Debug|Any CPU
		{05FDC7BA-259F-4DC9-B6D4-6CD92CD2577C}.Debug|iPhoneSimulator.ActiveCfg = Debug|Any CPU
		{05FDC7BA-259F-4DC9-B6D4-6CD92CD2577C}.Debug|iPhoneSimulator.Build.0 = Debug|Any CPU
		{05FDC7BA-259F-4DC9-B6D4-6CD92CD2577C}.Debug|iPhoneSimulator.Deploy.0 = Debug|Any CPU
		{05FDC7BA-259F-4DC9-B6D4-6CD92CD2577C}.Release|Any CPU.ActiveCfg = Release|Any CPU
		{05FDC7BA-259F-4DC9-B6D4-6CD92CD2577C}.Release|Any CPU.Build.0 = Release|Any CPU
		{05FDC7BA-259F-4DC9-B6D4-6CD92CD2577C}.Release|Any CPU.Deploy.0 = Release|Any CPU
		{05FDC7BA-259F-4DC9-B6D4-6CD92CD2577C}.Release|iPhone.ActiveCfg = Release|Any CPU
		{05FDC7BA-259F-4DC9-B6D4-6CD92CD2577C}.Release|iPhone.Build.0 = Release|Any CPU
		{05FDC7BA-259F-4DC9-B6D4-6CD92CD2577C}.Release|iPhone.Deploy.0 = Release|Any CPU
		{05FDC7BA-259F-4DC9-B6D4-6CD92CD2577C}.Release|iPhoneSimulator.ActiveCfg = Release|Any CPU
		{05FDC7BA-259F-4DC9-B6D4-6CD92CD2577C}.Release|iPhoneSimulator.Build.0 = Release|Any CPU
		{05FDC7BA-259F-4DC9-B6D4-6CD92CD2577C}.Release|iPhoneSimulator.Deploy.0 = Release|Any CPU
	EndGlobalSection
	GlobalSection(SolutionProperties) = preSolution
		HideSolutionNode = FALSE
	EndGlobalSection
	GlobalSection(ExtensibilityGlobals) = postSolution
		SolutionGuid = {A9E3B6DE-746D-4B81-BFEA-EED0F50D5434}
	EndGlobalSection
EndGlobal
